{
  "name": "Frontend-Grading-Assignment",
  "lockfileVersion": 3,
  "requires": true,
  "packages": {
    "": {
      "devDependencies": {
        "react": "^18.2.0",
        "router-dom": "^2.2.11"
      }
    },
    "node_modules/hydro-js": {
      "version": "1.5.14",
      "resolved": "https://registry.npmjs.org/hydro-js/-/hydro-js-1.5.14.tgz",
      "integrity": "sha512-UU0znl2iGohh6lUD+sRf54pOOWX4V9TZ4hXT0tDYsAc4ridvhqjGPCK4jK1hYHhAvn+z/cHSky+DFsuEudThWw==",
      "dev": true
    },
    "node_modules/js-tokens": {
      "version": "4.0.0",
      "resolved": "https://registry.npmjs.org/js-tokens/-/js-tokens-4.0.0.tgz",
      "integrity": "sha512-RdJUflcE3cUzKiMqQgsCu06FPu9UdIJO0beYbPhHN4k6apgJtifcoCtT9bcxOpYBtpD2kCM6Sbzg4CausW/PKQ==",
      "dev": true
    },
    "node_modules/loose-envify": {
      "version": "1.4.0",
      "resolved": "https://registry.npmjs.org/loose-envify/-/loose-envify-1.4.0.tgz",
      "integrity": "sha512-lyuxPGr/Wfhrlem2CL/UcnUc1zcqKAImBDzukY7Y5F/yQiNdko6+fRLevlw1HgMySw7f611UIY408EtxRSoK3Q==",
      "dev": true,
      "dependencies": {
        "js-tokens": "^3.0.0 || ^4.0.0"
      },
      "bin": {
        "loose-envify": "cli.js"
      }
    },
    "node_modules/path-to-regexp": {
      "version": "6.2.1",
      "resolved": "https://registry.npmjs.org/path-to-regexp/-/path-to-regexp-6.2.1.tgz",
      "integrity": "sha512-JLyh7xT1kizaEvcaXOQwOc2/Yhw6KZOvPf1S8401UyLk86CU79LN3vl7ztXGm/pZ+YjoyAJ4rxmHwbkBXJX+yw==",
      "dev": true
    },
    "node_modules/react": {
      "version": "18.2.0",
      "resolved": "https://registry.npmjs.org/react/-/react-18.2.0.tgz",
      "integrity": "sha512-/3IjMdb2L9QbBdWiW5e3P2/npwMBaU9mHCSCUzNln0ZCYbcfTsGbTJrU/kGemdH2IWmB2ioZ+zkxtmq6g09fGQ==",
      "dev": true,
      "dependencies": {
        "loose-envify": "^1.1.0"
      },
      "engines": {
        "node": ">=0.10.0"
      }
    },
    "node_modules/router-dom": {
      "version": "2.2.11",
      "resolved": "https://registry.npmjs.org/router-dom/-/router-dom-2.2.11.tgz",
      "integrity": "sha512-prvwl6Ux6LQPgmlC7yDhbaItOt/7hcOlit5ZUcn2RxzYRcceaPVRFSHv8eigdpXw1poS0VwErltHHtuJnRW2JQ==",
      "dev": true,
      "dependencies": {
        "hydro-js": "^1.5.14",
        "path-to-regexp": "^6.2.1"
      }
    }
  }
}
